
Microsoft Visual Studio Solution File, Format Version 12.00
# Visual Studio 2013
VisualStudioVersion = 12.0.31101.0
MinimumVisualStudioVersion = 10.0.40219.1
Project("{FAE04EC0-301F-11D3-BF4B-00C04F79EFBC}") = "NoMeOlvides", "NoMeOlvides\NoMeOlvides.csproj", "{AB7E22CC-AF92-4050-883B-B98351EDBDAC}"
EndProject
Project("{FAE04EC0-301F-11D3-BF4B-00C04F79EFBC}") = "NoMeOlvides.Tests", "NoMeOlvides.Tests\NoMeOlvides.Tests.csproj", "{9C7854B8-AF4C-4DAD-923D-F3A89FDCC840}"
EndProject
Project("{FAE04EC0-301F-11D3-BF4B-00C04F79EFBC}") = "Domain", "Domain\Domain.csproj", "{E76B13CA-8E32-4B5F-A121-2CD67922EA5E}"
EndProject
Project("{2150E333-8FDC-42A3-9474-1A3956D46DE8}") = ".nuget", ".nuget", "{E1DDC91C-5BB5-4BF5-910E-6ED185FFAA81}"
	ProjectSection(SolutionItems) = preProject
		.nuget\packages.config = .nuget\packages.config
	EndProjectSection
EndProject
Global
	GlobalSection(SolutionConfigurationPlatforms) = preSolution
		Debug|Any CPU = Debug|Any CPU
		Release|Any CPU = Release|Any CPU
	EndGlobalSection
	GlobalSection(ProjectConfigurationPlatforms) = postSolution
		{AB7E22CC-AF92-4050-883B-B98351EDBDAC}.Debug|Any CPU.ActiveCfg = Debug|Any CPU
		{AB7E22CC-AF92-4050-883B-B98351EDBDAC}.Debug|Any CPU.Build.0 = Debug|Any CPU
		{AB7E22CC-AF92-4050-883B-B98351EDBDAC}.Release|Any CPU.ActiveCfg = Release|Any CPU
		{AB7E22CC-AF92-4050-883B-B98351EDBDAC}.Release|Any CPU.Build.0 = Release|Any CPU
		{9C7854B8-AF4C-4DAD-923D-F3A89FDCC840}.Debug|Any CPU.ActiveCfg = Debug|Any CPU
		{9C7854B8-AF4C-4DAD-923D-F3A89FDCC840}.Debug|Any CPU.Build.0 = Debug|Any CPU
		{9C7854B8-AF4C-4DAD-923D-F3A89FDCC840}.Release|Any CPU.ActiveCfg = Release|Any CPU
		{9C7854B8-AF4C-4DAD-923D-F3A89FDCC840}.Release|Any CPU.Build.0 = Release|Any CPU
		{E76B13CA-8E32-4B5F-A121-2CD67922EA5E}.Debug|Any CPU.ActiveCfg = Debug|Any CPU
		{E76B13CA-8E32-4B5F-A121-2CD67922EA5E}.Debug|Any CPU.Build.0 = Debug|Any CPU
		{E76B13CA-8E32-4B5F-A121-2CD67922EA5E}.Release|Any CPU.ActiveCfg = Release|Any CPU
		{E76B13CA-8E32-4B5F-A121-2CD67922EA5E}.Release|Any CPU.Build.0 = Release|Any CPU
	EndGlobalSection
	GlobalSection(SolutionProperties) = preSolution
		HideSolutionNode = FALSE
	EndGlobalSection
EndGlobal
